// !$*UTF8*$!
{
	archiveVersion = 1;
	classes = {
	};
	objectVersion = 48;
	objects = {

/* Begin PBXBuildFile section */
		6E05392A1FD87172007C1F52 /* AppDelegate.swift in Sources */ = {isa = PBXBuildFile; fileRef = 6E0539291FD87172007C1F52 /* AppDelegate.swift */; };
		6E05392C1FD87172007C1F52 /* ViewController.swift in Sources */ = {isa = PBXBuildFile; fileRef = 6E05392B1FD87172007C1F52 /* ViewController.swift */; };
		6E05392F1FD87172007C1F52 /* Main.storyboard in Resources */ = {isa = PBXBuildFile; fileRef = 6E05392D1FD87172007C1F52 /* Main.storyboard */; };
		6E0539311FD87172007C1F52 /* Assets.xcassets in Resources */ = {isa = PBXBuildFile; fileRef = 6E0539301FD87172007C1F52 /* Assets.xcassets */; };
		6E0539341FD87172007C1F52 /* LaunchScreen.storyboard in Resources */ = {isa = PBXBuildFile; fileRef = 6E0539321FD87172007C1F52 /* LaunchScreen.storyboard */; };
		6E05393F1FD87173007C1F52 /* supercoolTests.swift in Sources */ = {isa = PBXBuildFile; fileRef = 6E05393E1FD87173007C1F52 /* supercoolTests.swift */; };
		6E05394A1FD87173007C1F52 /* supercoolUITests.swift in Sources */ = {isa = PBXBuildFile; fileRef = 6E0539491FD87173007C1F52 /* supercoolUITests.swift */; };
/* End PBXBuildFile section */

/* Begin PBXContainerItemProxy section */
		6E05393B1FD87173007C1F52 /* PBXContainerItemProxy */ = {
			isa = PBXContainerItemProxy;
			containerPortal = 6E05391E1FD87172007C1F52 /* Project object */;
			proxyType = 1;
			remoteGlobalIDString = 6E0539251FD87172007C1F52;
			remoteInfo = supercool;
		};
		6E0539461FD87173007C1F52 /* PBXContainerItemProxy */ = {
			isa = PBXContainerItemProxy;
			containerPortal = 6E05391E1FD87172007C1F52 /* Project object */;
			proxyType = 1;
			remoteGlobalIDString = 6E0539251FD87172007C1F52;
			remoteInfo = supercool;
		};
/* End PBXContainerItemProxy section */

/* Begin PBXFileReference section */
		6E0539261FD87172007C1F52 /* supercool.app */ = {isa = PBXFileReference; explicitFileType = wrapper.application; includeInIndex = 0; path = supercool.app; sourceTree = BUILT_PRODUCTS_DIR; };
		6E0539291FD87172007C1F52 /* AppDelegate.swift */ = {isa = PBXFileReference; lastKnownFileType = sourcecode.swift; path = AppDelegate.swift; sourceTree = "<group>"; };
		6E05392B1FD87172007C1F52 /* ViewController.swift */ = {isa = PBXFileReference; lastKnownFileType = sourcecode.swift; path = ViewController.swift; sourceTree = "<group>"; };
		6E05392E1FD87172007C1F52 /* Base */ = {isa = PBXFileReference; lastKnownFileType = file.storyboard; name = Base; path = Base.lproj/Main.storyboard; sourceTree = "<group>"; };
		6E0539301FD87172007C1F52 /* Assets.xcassets */ = {isa = PBXFileReference; lastKnownFileType = folder.assetcatalog; path = Assets.xcassets; sourceTree = "<group>"; };
		6E0539331FD87172007C1F52 /* Base */ = {isa = PBXFileReference; lastKnownFileType = file.storyboard; name = Base; path = Base.lproj/LaunchScreen.storyboard; sourceTree = "<group>"; };
		6E0539351FD87172007C1F52 /* Info.plist */ = {isa = PBXFileReference; lastKnownFileType = text.plist.xml; path = Info.plist; sourceTree = "<group>"; };
		6E05393A1FD87172007C1F52 /* supercoolTests.xctest */ = {isa = PBXFileReference; explicitFileType = wrapper.cfbundle; includeInIndex = 0; path = supercoolTests.xctest; sourceTree = BUILT_PRODUCTS_DIR; };
		6E05393E1FD87173007C1F52 /* supercoolTests.swift */ = {isa = PBXFileReference; lastKnownFileType = sourcecode.swift; path = supercoolTests.swift; sourceTree = "<group>"; };
		6E0539401FD87173007C1F52 /* Info.plist */ = {isa = PBXFileReference; lastKnownFileType = text.plist.xml; path = Info.plist; sourceTree = "<group>"; };
		6E0539451FD87173007C1F52 /* supercoolUITests.xctest */ = {isa = PBXFileReference; explicitFileType = wrapper.cfbundle; includeInIndex = 0; path = supercoolUITests.xctest; sourceTree = BUILT_PRODUCTS_DIR; };
		6E0539491FD87173007C1F52 /* supercoolUITests.swift */ = {isa = PBXFileReference; lastKnownFileType = sourcecode.swift; path = supercoolUITests.swift; sourceTree = "<group>"; };
		6E05394B1FD87173007C1F52 /* Info.plist */ = {isa = PBXFileReference; lastKnownFileType = text.plist.xml; path = Info.plist; sourceTree = "<group>"; };
/* End PBXFileReference section */

/* Begin PBXFrameworksBuildPhase section */
		6E0539231FD87172007C1F52 /* Frameworks */ = {
			isa = PBXFrameworksBuildPhase;
			buildActionMask = 2147483647;
			files = (
			);
			runOnlyForDeploymentPostprocessing = 0;
		};
		6E0539371FD87172007C1F52 /* Frameworks */ = {
			isa = PBXFrameworksBuildPhase;
			buildActionMask = 2147483647;
			files = (
			);
			runOnlyForDeploymentPostprocessing = 0;
		};
		6E0539421FD87173007C1F52 /* Frameworks */ = {
			isa = PBXFrameworksBuildPhase;
			buildActionMask = 2147483647;
			files = (
			);
			runOnlyForDeploymentPostprocessing = 0;
		};
/* End PBXFrameworksBuildPhase section */

/* Begin PBXGroup section */
		6E05391D1FD87172007C1F52 = {
			isa = PBXGroup;
			children = (
				6E0539281FD87172007C1F52 /* supercool */,
				6E05393D1FD87173007C1F52 /* supercoolTests */,
				6E0539481FD87173007C1F52 /* supercoolUITests */,
				6E0539271FD87172007C1F52 /* Products */,
			);
			sourceTree = "<group>";
		};
		6E0539271FD87172007C1F52 /* Products */ = {
			isa = PBXGroup;
			children = (
				6E0539261FD87172007C1F52 /* supercool.app */,
				6E05393A1FD87172007C1F52 /* supercoolTests.xctest */,
				6E0539451FD87173007C1F52 /* supercoolUITests.xctest */,
			);
			name = Products;
			sourceTree = "<group>";
		};
		6E0539281FD87172007C1F52 /* supercool */ = {
			isa = PBXGroup;
			children = (
				6E0539291FD87172007C1F52 /* AppDelegate.swift */,
				6E05392B1FD87172007C1F52 /* ViewController.swift */,
				6E05392D1FD87172007C1F52 /* Main.storyboard */,
				6E0539301FD87172007C1F52 /* Assets.xcassets */,
				6E0539321FD87172007C1F52 /* LaunchScreen.storyboard */,
				6E0539351FD87172007C1F52 /* Info.plist */,
			);
			path = supercool;
			sourceTree = "<group>";
		};
		6E05393D1FD87173007C1F52 /* supercoolTests */ = {
			isa = PBXGroup;
			children = (
				6E05393E1FD87173007C1F52 /* supercoolTests.swift */,
				6E0539401FD87173007C1F52 /* Info.plist */,
			);
			path = supercoolTests;
			sourceTree = "<group>";
		};
		6E0539481FD87173007C1F52 /* supercoolUITests */ = {
			isa = PBXGroup;
			children = (
				6E0539491FD87173007C1F52 /* supercoolUITests.swift */,
				6E05394B1FD87173007C1F52 /* Info.plist */,
			);
			path = supercoolUITests;
			sourceTree = "<group>";
		};
/* End PBXGroup section */

/* Begin PBXNativeTarget section */
		6E0539251FD87172007C1F52 /* supercool */ = {
			isa = PBXNativeTarget;
			buildConfigurationList = 6E05394E1FD87173007C1F52 /* Build configuration list for PBXNativeTarget "supercool" */;
			buildPhases = (
				6E0539221FD87172007C1F52 /* Sources */,
				6E0539231FD87172007C1F52 /* Frameworks */,
				6E0539241FD87172007C1F52 /* Resources */,
			);
			buildRules = (
			);
			dependencies = (
			);
			name = supercool;
			productName = supercool;
			productReference = 6E0539261FD87172007C1F52 /* supercool.app */;
			productType = "com.apple.product-type.application";
		};
		6E0539391FD87172007C1F52 /* supercoolTests */ = {
			isa = PBXNativeTarget;
			buildConfigurationList = 6E0539511FD87173007C1F52 /* Build configuration list for PBXNativeTarget "supercoolTests" */;
			buildPhases = (
				6E0539361FD87172007C1F52 /* Sources */,
				6E0539371FD87172007C1F52 /* Frameworks */,
				6E0539381FD87172007C1F52 /* Resources */,
			);
			buildRules = (
			);
			dependencies = (
				6E05393C1FD87173007C1F52 /* PBXTargetDependency */,
			);
			name = supercoolTests;
			productName = supercoolTests;
			productReference = 6E05393A1FD87172007C1F52 /* supercoolTests.xctest */;
			productType = "com.apple.product-type.bundle.unit-test";
		};
		6E0539441FD87173007C1F52 /* supercoolUITests */ = {
			isa = PBXNativeTarget;
			buildConfigurationList = 6E0539541FD87173007C1F52 /* Build configuration list for PBXNativeTarget "supercoolUITests" */;
			buildPhases = (
				6E0539411FD87173007C1F52 /* Sources */,
				6E0539421FD87173007C1F52 /* Frameworks */,
				6E0539431FD87173007C1F52 /* Resources */,
			);
			buildRules = (
			);
			dependencies = (
				6E0539471FD87173007C1F52 /* PBXTargetDependency */,
			);
			name = supercoolUITests;
			productName = supercoolUITests;
			productReference = 6E0539451FD87173007C1F52 /* supercoolUITests.xctest */;
			productType = "com.apple.product-type.bundle.ui-testing";
		};
/* End PBXNativeTarget section */

/* Begin PBXProject section */
		6E05391E1FD87172007C1F52 /* Project object */ = {
			isa = PBXProject;
			attributes = {
				LastSwiftUpdateCheck = 0920;
				LastUpgradeCheck = 0920;
				ORGANIZATIONNAME = "Jamie Drouin";
				TargetAttributes = {
					6E0539251FD87172007C1F52 = {
						CreatedOnToolsVersion = 9.2;
						ProvisioningStyle = Automatic;
					};
					6E0539391FD87172007C1F52 = {
						CreatedOnToolsVersion = 9.2;
						ProvisioningStyle = Automatic;
						TestTargetID = 6E0539251FD87172007C1F52;
					};
					6E0539441FD87173007C1F52 = {
						CreatedOnToolsVersion = 9.2;
						ProvisioningStyle = Automatic;
						TestTargetID = 6E0539251FD87172007C1F52;
					};
				};
			};
			buildConfigurationList = 6E0539211FD87172007C1F52 /* Build configuration list for PBXProject "supercool" */;
			compatibilityVersion = "Xcode 8.0";
			developmentRegion = en;
			hasScannedForEncodings = 0;
			knownRegions = (
				en,
				Base,
			);
			mainGroup = 6E05391D1FD87172007C1F52;
			productRefGroup = 6E0539271FD87172007C1F52 /* Products */;
			projectDirPath = "";
			projectRoot = "";
			targets = (
				6E0539251FD87172007C1F52 /* supercool */,
				6E0539391FD87172007C1F52 /* supercoolTests */,
				6E0539441FD87173007C1F52 /* supercoolUITests */,
			);
		};
/* End PBXProject section */

/* Begin PBXResourcesBuildPhase section */
		6E0539241FD87172007C1F52 /* Resources */ = {
			isa = PBXResourcesBuildPhase;
			buildActionMask = 2147483647;
			files = (
				6E0539341FD87172007C1F52 /* LaunchScreen.storyboard in Resources */,
				6E0539311FD87172007C1F52 /* Assets.xcassets in Resources */,
				6E05392F1FD87172007C1F52 /* Main.storyboard in Resources */,
			);
			runOnlyForDeploymentPostprocessing = 0;
		};
		6E0539381FD87172007C1F52 /* Resources */ = {
			isa = PBXResourcesBuildPhase;
			buildActionMask = 2147483647;
			files = (
			);
			runOnlyForDeploymentPostprocessing = 0;
		};
		6E0539431FD87173007C1F52 /* Resources */ = {
			isa = PBXResourcesBuildPhase;
			buildActionMask = 2147483647;
			files = (
			);
			runOnlyForDeploymentPostprocessing = 0;
		};
/* End PBXResourcesBuildPhase section */

/* Begin PBXSourcesBuildPhase section */
		6E0539221FD87172007C1F52 /* Sources */ = {
			isa = PBXSourcesBuildPhase;
			buildActionMask = 2147483647;
			files = (
				6E05392C1FD87172007C1F52 /* ViewController.swift in Sources */,
				6E05392A1FD87172007C1F52 /* AppDelegate.swift in Sources */,
			);
			runOnlyForDeploymentPostprocessing = 0;
		};
		6E0539361FD87172007C1F52 /* Sources */ = {
			isa = PBXSourcesBuildPhase;
			buildActionMask = 2147483647;
			files = (
				6E05393F1FD87173007C1F52 /* supercoolTests.swift in Sources */,
			);
			runOnlyForDeploymentPostprocessing = 0;
		};
		6E0539411FD87173007C1F52 /* Sources */ = {
			isa = PBXSourcesBuildPhase;
			buildActionMask = 2147483647;
			files = (
				6E05394A1FD87173007C1F52 /* supercoolUITests.swift in Sources */,
			);
			runOnlyForDeploymentPostprocessing = 0;
		};
/* End PBXSourcesBuildPhase section */

/* Begin PBXTargetDependency section */
		6E05393C1FD87173007C1F52 /* PBXTargetDependency */ = {
			isa = PBXTargetDependency;
			target = 6E0539251FD87172007C1F52 /* supercool */;
			targetProxy = 6E05393B1FD87173007C1F52 /* PBXContainerItemProxy */;
		};
		6E0539471FD87173007C1F52 /* PBXTargetDependency */ = {
			isa = PBXTargetDependency;
			target = 6E0539251FD87172007C1F52 /* supercool */;
			targetProxy = 6E0539461FD87173007C1F52 /* PBXContainerItemProxy */;
		};
/* End PBXTargetDependency section */

/* Begin PBXVariantGroup section */
		6E05392D1FD87172007C1F52 /* Main.storyboard */ = {
			isa = PBXVariantGroup;
			children = (
				6E05392E1FD87172007C1F52 /* Base */,
			);
			name = Main.storyboard;
			sourceTree = "<group>";
		};
		6E0539321FD87172007C1F52 /* LaunchScreen.storyboard */ = {
			isa = PBXVariantGroup;
			children = (
				6E0539331FD87172007C1F52 /* Base */,
			);
			name = LaunchScreen.storyboard;
			sourceTree = "<group>";
		};
/* End PBXVariantGroup section */

/* Begin XCBuildConfiguration section */
		6E05394C1FD87173007C1F52 /* Debug */ = {
			isa = XCBuildConfiguration;
			buildSettings = {
				ALWAYS_SEARCH_USER_PATHS = NO;
				CLANG_ANALYZER_NONNULL = YES;
				CLANG_ANALYZER_NUMBER_OBJECT_CONVERSION = YES_AGGRESSIVE;
				CLANG_CXX_LANGUAGE_STANDARD = "gnu++14";
				CLANG_CXX_LIBRARY = "libc++";
				CLANG_ENABLE_MODULES = YES;
				CLANG_ENABLE_OBJC_ARC = YES;
				CLANG_WARN_BLOCK_CAPTURE_AUTORELEASING = YES;
				CLANG_WARN_BOOL_CONVERSION = YES;
				CLANG_WARN_COMMA = YES;
				CLANG_WARN_CONSTANT_CONVERSION = YES;
				CLANG_WARN_DIRECT_OBJC_ISA_USAGE = YES_ERROR;
				CLANG_WARN_DOCUMENTATION_COMMENTS = YES;
				CLANG_WARN_EMPTY_BODY = YES;
				CLANG_WARN_ENUM_CONVERSION = YES;
				CLANG_WARN_INFINITE_RECURSION = YES;
				CLANG_WARN_INT_CONVERSION = YES;
				CLANG_WARN_NON_LITERAL_NULL_CONVERSION = YES;
				CLANG_WARN_OBJC_LITERAL_CONVERSION = YES;
				CLANG_WARN_OBJC_ROOT_CLASS = YES_ERROR;
				CLANG_WARN_RANGE_LOOP_ANALYSIS = YES;
				CLANG_WARN_STRICT_PROTOTYPES = YES;
				CLANG_WARN_SUSPICIOUS_MOVE = YES;
				CLANG_WARN_UNGUARDED_AVAILABILITY = YES_AGGRESSIVE;
				CLANG_WARN_UNREACHABLE_CODE = YES;
				CLANG_WARN__DUPLICATE_METHOD_MATCH = YES;
				CODE_SIGN_IDENTITY = "iPhone Developer";
				COPY_PHASE_STRIP = NO;
				DEBUG_INFORMATION_FORMAT = dwarf;
				ENABLE_STRICT_OBJC_MSGSEND = YES;
				ENABLE_TESTABILITY = YES;
				GCC_C_LANGUAGE_STANDARD = gnu11;
				GCC_DYNAMIC_NO_PIC = NO;
				GCC_NO_COMMON_BLOCKS = YES;
				GCC_OPTIMIZATION_LEVEL = 0;
				GCC_PREPROCESSOR_DEFINITIONS = (
					"DEBUG=1",
					"$(inherited)",
				);
				GCC_WARN_64_TO_32_BIT_CONVERSION = YES;
				GCC_WARN_ABOUT_RETURN_TYPE = YES_ERROR;
				GCC_WARN_UNDECLARED_SELECTOR = YES;
				GCC_WARN_UNINITIALIZED_AUTOS = YES_AGGRESSIVE;
				GCC_WARN_UNUSED_FUNCTION = YES;
				GCC_WARN_UNUSED_VARIABLE = YES;
				IPHONEOS_DEPLOYMENT_TARGET = 11.2;
				MTL_ENABLE_DEBUG_INFO = YES;
				ONLY_ACTIVE_ARCH = YES;
				SDKROOT = iphoneos;
				SWIFT_ACTIVE_COMPILATION_CONDITIONS = DEBUG;
				SWIFT_OPTIMIZATION_LEVEL = "-Onone";
			};
			name = Debug;
		};
		6E05394D1FD87173007C1F52 /* Release */ = {
			isa = XCBuildConfiguration;
			buildSettings = {
				ALWAYS_SEARCH_USER_PATHS = NO;
				CLANG_ANALYZER_NONNULL = YES;
				CLANG_ANALYZER_NUMBER_OBJECT_CONVERSION = YES_AGGRESSIVE;
				CLANG_CXX_LANGUAGE_STANDARD = "gnu++14";
				CLANG_CXX_LIBRARY = "libc++";
				CLANG_ENABLE_MODULES = YES;
				CLANG_ENABLE_OBJC_ARC = YES;
				CLANG_WARN_BLOCK_CAPTURE_AUTORELEASING = YES;
				CLANG_WARN_BOOL_CONVERSION = YES;
				CLANG_WARN_COMMA = YES;
				CLANG_WARN_CONSTANT_CONVERSION = YES;
				CLANG_WARN_DIRECT_OBJC_ISA_USAGE = YES_ERROR;
				CLANG_WARN_DOCUMENTATION_COMMENTS = YES;
				CLANG_WARN_EMPTY_BODY = YES;
				CLANG_WARN_ENUM_CONVERSION = YES;
				CLANG_WARN_INFINITE_RECURSION = YES;
				CLANG_WARN_INT_CONVERSION = YES;
				CLANG_WARN_NON_LITERAL_NULL_CONVERSION = YES;
				CLANG_WARN_OBJC_LITERAL_CONVERSION = YES;
				CLANG_WARN_OBJC_ROOT_CLASS = YES_ERROR;
				CLANG_WARN_RANGE_LOOP_ANALYSIS = YES;
				CLANG_WARN_STRICT_PROTOTYPES = YES;
				CLANG_WARN_SUSPICIOUS_MOVE = YES;
				CLANG_WARN_UNGUARDED_AVAILABILITY = YES_AGGRESSIVE;
				CLANG_WARN_UNREACHABLE_CODE = YES;
				CLANG_WARN__DUPLICATE_METHOD_MATCH = YES;
				CODE_SIGN_IDENTITY = "iPhone Developer";
				COPY_PHASE_STRIP = NO;
				DEBUG_INFORMATION_FORMAT = "dwarf-with-dsym";
				ENABLE_NS_ASSERTIONS = NO;
				ENABLE_STRICT_OBJC_MSGSEND = YES;
				GCC_C_LANGUAGE_STANDARD = gnu11;
				GCC_NO_COMMON_BLOCKS = YES;
				GCC_WARN_64_TO_32_BIT_CONVERSION = YES;
				GCC_WARN_ABOUT_RETURN_TYPE = YES_ERROR;
				GCC_WARN_UNDECLARED_SELECTOR = YES;
				GCC_WARN_UNINITIALIZED_AUTOS = YES_AGGRESSIVE;
				GCC_WARN_UNUSED_FUNCTION = YES;
				GCC_WARN_UNUSED_VARIABLE = YES;
				IPHONEOS_DEPLOYMENT_TARGET = 11.2;
				MTL_ENABLE_DEBUG_INFO = NO;
				SDKROOT = iphoneos;
				SWIFT_OPTIMIZATION_LEVEL = "-Owholemodule";
				VALIDATE_PRODUCT = YES;
			};
			name = Release;
		};
		6E05394F1FD87173007C1F52 /* Debug */ = {
			isa = XCBuildConfiguration;
			buildSettings = {
				ASSETCATALOG_COMPILER_APPICON_NAME = AppIcon;
				CODE_SIGN_STYLE = Automatic;
				INFOPLIST_FILE = supercool/Info.plist;
				LD_RUNPATH_SEARCH_PATHS = "$(inherited) @executable_path/Frameworks";
				PRODUCT_BUNDLE_IDENTIFIER = com.jdrouin.supercool;
				PRODUCT_NAME = "$(TARGET_NAME)";
				SWIFT_VERSION = 4.0;
				TARGETED_DEVICE_FAMILY = 1;
			};
			name = Debug;
		};
		6E0539501FD87173007C1F52 /* Release */ = {
			isa = XCBuildConfiguration;
			buildSettings = {
				ASSETCATALOG_COMPILER_APPICON_NAME = AppIcon;
				CODE_SIGN_STYLE = Automatic;
				INFOPLIST_FILE = supercool/Info.plist;
				LD_RUNPATH_SEARCH_PATHS = "$(inherited) @executable_path/Frameworks";
				PRODUCT_BUNDLE_IDENTIFIER = com.jdrouin.supercool;
				PRODUCT_NAME = "$(TARGET_NAME)";
				SWIFT_VERSION = 4.0;
				TARGETED_DEVICE_FAMILY = 1;
			};
			name = Release;
		};
		6E0539521FD87173007C1F52 /* Debug */ = {
			isa = XCBuildConfiguration;
			buildSettings = {
				ALWAYS_EMBED_SWIFT_STANDARD_LIBRARIES = YES;
				BUNDLE_LOADER = "$(TEST_HOST)";
				CODE_SIGN_STYLE = Automatic;
				INFOPLIST_FILE = supercoolTests/Info.plist;
				LD_RUNPATH_SEARCH_PATHS = "$(inherited) @executable_path/Frameworks @loader_path/Frameworks";
				PRODUCT_BUNDLE_IDENTIFIER = com.jdrouin.supercoolTests;
				PRODUCT_NAME = "$(TARGET_NAME)";
				SWIFT_VERSION = 4.0;
				TARGETED_DEVICE_FAMILY = "1,2";
				TEST_HOST = "$(BUILT_PRODUCTS_DIR)/supercool.app/supercool";
			};
			name = Debug;
		};
		6E0539531FD87173007C1F52 /* Release */ = {
			isa = XCBuildConfiguration;
			buildSettings = {
				ALWAYS_EMBED_SWIFT_STANDARD_LIBRARIES = YES;
				BUNDLE_LOADER = "$(TEST_HOST)";
				CODE_SIGN_STYLE = Automatic;
				INFOPLIST_FILE = supercoolTests/Info.plist;
				LD_RUNPATH_SEARCH_PATHS = "$(inherited) @executable_path/Frameworks @loader_path/Frameworks";
				PRODUCT_BUNDLE_IDENTIFIER = com.jdrouin.supercoolTests;
				PRODUCT_NAME = "$(TARGET_NAME)";
				SWIFT_VERSION = 4.0;
				TARGETED_DEVICE_FAMILY = "1,2";
				TEST_HOST = "$(BUILT_PRODUCTS_DIR)/supercool.app/supercool";
			};
			name = Release;
		};
		6E0539551FD87173007C1F52 /* Debug */ = {
			isa = XCBuildConfiguration;
			buildSettings = {
				ALWAYS_EMBED_SWIFT_STANDARD_LIBRARIES = YES;
				CODE_SIGN_STYLE = Automatic;
				INFOPLIST_FILE = supercoolUITests/Info.plist;
				LD_RUNPATH_SEARCH_PATHS = "$(inherited) @executable_path/Frameworks @loader_path/Frameworks";
				PRODUCT_BUNDLE_IDENTIFIER = com.jdrouin.supercoolUITests;
				PRODUCT_NAME = "$(TARGET_NAME)";
				SWIFT_VERSION = 4.0;
				TARGETED_DEVICE_FAMILY = "1,2";
				TEST_TARGET_NAME = supercool;
			};
			name = Debug;
		};
		6E0539561FD87173007C1F52 /* Release */ = {
			isa = XCBuildConfiguration;
			buildSettings = {
				ALWAYS_EMBED_SWIFT_STANDARD_LIBRARIES = YES;
				CODE_SIGN_STYLE = Automatic;
				INFOPLIST_FILE = supercoolUITests/Info.plist;
				LD_RUNPATH_SEARCH_PATHS = "$(inherited) @executable_path/Frameworks @loader_path/Frameworks";
				PRODUCT_BUNDLE_IDENTIFIER = com.jdrouin.supercoolUITests;
				PRODUCT_NAME = "$(TARGET_NAME)";
				SWIFT_VERSION = 4.0;
				TARGETED_DEVICE_FAMILY = "1,2";
				TEST_TARGET_NAME = supercool;
			};
			name = Release;
		};
/* End XCBuildConfiguration section */

/* Begin XCConfigurationList section */
		6E0539211FD87172007C1F52 /* Build configuration list for PBXProject "supercool" */ = {
			isa = XCConfigurationList;
			buildConfigurations = (
				6E05394C1FD87173007C1F52 /* Debug */,
				6E05394D1FD87173007C1F52 /* Release */,
			);
			defaultConfigurationIsVisible = 0;
			defaultConfigurationName = Release;
		};
		6E05394E1FD87173007C1F52 /* Build configuration list for PBXNativeTarget "supercool" */ = {
			isa = XCConfigurationList;
			buildConfigurations = (
				6E05394F1FD87173007C1F52 /* Debug */,
				6E0539501FD87173007C1F52 /* Release */,
			);
			defaultConfigurationIsVisible = 0;
			defaultConfigurationName = Release;
		};
		6E0539511FD87173007C1F52 /* Build configuration list for PBXNativeTarget "supercoolTests" */ = {
			isa = XCConfigurationList;
			buildConfigurations = (
				6E0539521FD87173007C1F52 /* Debug */,
				6E0539531FD87173007C1F52 /* Release */,
			);
			defaultConfigurationIsVisible = 0;
			defaultConfigurationName = Release;
		};
		6E0539541FD87173007C1F52 /* Build configuration list for PBXNativeTarget "supercoolUITests" */ = {
			isa = XCConfigurationList;
			buildConfigurations = (
				6E0539551FD87173007C1F52 /* Debug */,
				6E0539561FD87173007C1F52 /* Release */,
			);
			defaultConfigurationIsVisible = 0;
			defaultConfigurationName = Release;
		};
/* End XCConfigurationList section */
	};
	rootObject = 6E05391E1FD87172007C1F52 /* Project object */;
}
